
Microsoft Visual Studio Solution File, Format Version 12.00
# Visual Studio Version 17
VisualStudioVersion = 17.8.34322.80
MinimumVisualStudioVersion = 10.0.40219.1
Project("{9A19103F-16F7-4668-BE54-9A1E7A4F7556}") = "UnitTestProgram", "UnitTestProgram\UnitTestProgram.csproj", "{9E7B3610-EE8D-426A-A506-29E4B9F9EC74}"
EndProject
Project("{9A19103F-16F7-4668-BE54-9A1E7A4F7556}") = "CSLibraryExtension", "CSLibraryExtension\CSLibraryExtension.csproj", "{9FFE737E-270B-4D92-A846-FEAC0BBF8851}"
EndProject
Project("{FAE04EC0-301F-11D3-BF4B-00C04F79EFBC}") = "NUnitTestProgram", "NUnitTestProgram\NUnitTestProgram.csproj", "{159ADD00-C165-4E9C-89B7-BBBDCA6408A0}"
EndProject
Global
	GlobalSection(SolutionConfigurationPlatforms) = preSolution
		Debug|Any CPU = Debug|Any CPU
		Release|Any CPU = Release|Any CPU
	EndGlobalSection
	GlobalSection(ProjectConfigurationPlatforms) = postSolution
		{9E7B3610-EE8D-426A-A506-29E4B9F9EC74}.Debug|Any CPU.ActiveCfg = Debug|Any CPU
		{9E7B3610-EE8D-426A-A506-29E4B9F9EC74}.Debug|Any CPU.Build.0 = Debug|Any CPU
		{9E7B3610-EE8D-426A-A506-29E4B9F9EC74}.Release|Any CPU.ActiveCfg = Release|Any CPU
		{9E7B3610-EE8D-426A-A506-29E4B9F9EC74}.Release|Any CPU.Build.0 = Release|Any CPU
		{9FFE737E-270B-4D92-A846-FEAC0BBF8851}.Debug|Any CPU.ActiveCfg = Debug|Any CPU
		{9FFE737E-270B-4D92-A846-FEAC0BBF8851}.Debug|Any CPU.Build.0 = Debug|Any CPU
		{9FFE737E-270B-4D92-A846-FEAC0BBF8851}.Release|Any CPU.ActiveCfg = Release|Any CPU
		{9FFE737E-270B-4D92-A846-FEAC0BBF8851}.Release|Any CPU.Build.0 = Release|Any CPU
		{159ADD00-C165-4E9C-89B7-BBBDCA6408A0}.Debug|Any CPU.ActiveCfg = Debug|Any CPU
		{159ADD00-C165-4E9C-89B7-BBBDCA6408A0}.Debug|Any CPU.Build.0 = Debug|Any CPU
		{159ADD00-C165-4E9C-89B7-BBBDCA6408A0}.Release|Any CPU.ActiveCfg = Release|Any CPU
		{159ADD00-C165-4E9C-89B7-BBBDCA6408A0}.Release|Any CPU.Build.0 = Release|Any CPU
	EndGlobalSection
	GlobalSection(SolutionProperties) = preSolution
		HideSolutionNode = FALSE
	EndGlobalSection
	GlobalSection(ExtensibilityGlobals) = postSolution
		SolutionGuid = {8A2F8340-3C5B-484D-A509-D15A5DBD3896}
	EndGlobalSection
EndGlobal
